
Microsoft Visual Studio Solution File, Format Version 12.00
# Visual Studio Version 17
VisualStudioVersion = 17.6.33815.320
MinimumVisualStudioVersion = 10.0.40219.1
Project("{FAE04EC0-301F-11D3-BF4B-00C04F79EFBC}") = "Education", "Education\Education.csproj", "{F8F53A90-78FF-4399-BE96-99F5198DAD95}"
EndProject
Global
	GlobalSection(SolutionConfigurationPlatforms) = preSolution
		Debug|Any CPU = Debug|Any CPU
		Release|Any CPU = Release|Any CPU
	EndGlobalSection
	GlobalSection(ProjectConfigurationPlatforms) = postSolution
		{F8F53A90-78FF-4399-BE96-99F5198DAD95}.Debug|Any CPU.ActiveCfg = Debug|Any CPU
		{F8F53A90-78FF-4399-BE96-99F5198DAD95}.Debug|Any CPU.Build.0 = Debug|Any CPU
		{F8F53A90-78FF-4399-BE96-99F5198DAD95}.Release|Any CPU.ActiveCfg = Release|Any CPU
		{F8F53A90-78FF-4399-BE96-99F5198DAD95}.Release|Any CPU.Build.0 = Release|Any CPU
	EndGlobalSection
	GlobalSection(SolutionProperties) = preSolution
		HideSolutionNode = FALSE
	EndGlobalSection
	GlobalSection(ExtensibilityGlobals) = postSolution
		SolutionGuid = {F8B7B9E1-E7E0-4287-9B54-31E8A8A8D430}
	EndGlobalSection
EndGlobal
